// !$*UTF8*$!
{
	archiveVersion = 1;
	classes = {
	};
	objectVersion = 46;
	objects = {

/* Begin PBXBuildFile section */
		C223A6A519A9D72F002BC32F /* Foundation.framework in Frameworks */ = {isa = PBXBuildFile; fileRef = C223A6A419A9D72F002BC32F /* Foundation.framework */; };
		C223A6A719A9D72F002BC32F /* CoreGraphics.framework in Frameworks */ = {isa = PBXBuildFile; fileRef = C223A6A619A9D72F002BC32F /* CoreGraphics.framework */; };
		C223A6A919A9D72F002BC32F /* UIKit.framework in Frameworks */ = {isa = PBXBuildFile; fileRef = C223A6A819A9D72F002BC32F /* UIKit.framework */; };
		C223A6AF19A9D72F002BC32F /* InfoPlist.strings in Resources */ = {isa = PBXBuildFile; fileRef = C223A6AD19A9D72F002BC32F /* InfoPlist.strings */; };
		C223A6B119A9D72F002BC32F /* main.m in Sources */ = {isa = PBXBuildFile; fileRef = C223A6B019A9D72F002BC32F /* main.m */; };
		C223A6B519A9D72F002BC32F /* BYCellReuseTutorialAppDelegate.m in Sources */ = {isa = PBXBuildFile; fileRef = C223A6B419A9D72F002BC32F /* BYCellReuseTutorialAppDelegate.m */; };
		C223A6B819A9D72F002BC32F /* Main_iPhone.storyboard in Resources */ = {isa = PBXBuildFile; fileRef = C223A6B619A9D72F002BC32F /* Main_iPhone.storyboard */; };
		C223A6BE19A9D72F002BC32F /* BYCellReuseTutorialViewController.m in Sources */ = {isa = PBXBuildFile; fileRef = C223A6BD19A9D72F002BC32F /* BYCellReuseTutorialViewController.m */; };
		C223A6C019A9D72F002BC32F /* Images.xcassets in Resources */ = {isa = PBXBuildFile; fileRef = C223A6BF19A9D72F002BC32F /* Images.xcassets */; };
		C223A6C719A9D72F002BC32F /* XCTest.framework in Frameworks */ = {isa = PBXBuildFile; fileRef = C223A6C619A9D72F002BC32F /* XCTest.framework */; };
		C223A6C819A9D72F002BC32F /* Foundation.framework in Frameworks */ = {isa = PBXBuildFile; fileRef = C223A6A419A9D72F002BC32F /* Foundation.framework */; };
		C223A6C919A9D72F002BC32F /* UIKit.framework in Frameworks */ = {isa = PBXBuildFile; fileRef = C223A6A819A9D72F002BC32F /* UIKit.framework */; };
		C223A6D119A9D72F002BC32F /* InfoPlist.strings in Resources */ = {isa = PBXBuildFile; fileRef = C223A6CF19A9D72F002BC32F /* InfoPlist.strings */; };
		C223A6D319A9D72F002BC32F /* CellReuseTutorialTests.m in Sources */ = {isa = PBXBuildFile; fileRef = C223A6D219A9D72F002BC32F /* CellReuseTutorialTests.m */; };
		C223A6E119A9D9EE002BC32F /* BYCellReuseTutorialTableViewCell.m in Sources */ = {isa = PBXBuildFile; fileRef = C223A6E019A9D9EE002BC32F /* BYCellReuseTutorialTableViewCell.m */; };
		C223A6E319A9E7B0002BC32F /* BYCellReuseTutorialTableViewCell.xib in Resources */ = {isa = PBXBuildFile; fileRef = C223A6E219A9E7B0002BC32F /* BYCellReuseTutorialTableViewCell.xib */; };
		C289245319B1D5B5000B1D4A /* ASIAuthenticationDialog.m in Sources */ = {isa = PBXBuildFile; fileRef = C289242019B1D5B5000B1D4A /* ASIAuthenticationDialog.m */; settings = {COMPILER_FLAGS = "-fno-objc-arc"; }; };
		C289245719B1D5B5000B1D4A /* ASIFormDataRequest.m in Sources */ = {isa = PBXBuildFile; fileRef = C289242919B1D5B5000B1D4A /* ASIFormDataRequest.m */; settings = {COMPILER_FLAGS = "-fno-objc-arc"; }; };
		C289245819B1D5B5000B1D4A /* ASIHTTPRequest.m in Sources */ = {isa = PBXBuildFile; fileRef = C289242B19B1D5B5000B1D4A /* ASIHTTPRequest.m */; settings = {COMPILER_FLAGS = "-fno-objc-arc"; }; };
		C289245919B1D5B5000B1D4A /* ASIInputStream.m in Sources */ = {isa = PBXBuildFile; fileRef = C289242F19B1D5B5000B1D4A /* ASIInputStream.m */; settings = {COMPILER_FLAGS = "-fno-objc-arc"; }; };
		C289245A19B1D5B5000B1D4A /* ASINetworkQueue.m in Sources */ = {isa = PBXBuildFile; fileRef = C289243119B1D5B5000B1D4A /* ASINetworkQueue.m */; settings = {COMPILER_FLAGS = "-fno-objc-arc"; }; };
		C289246C19B1D9EE000B1D4A /* Reachability.m in Sources */ = {isa = PBXBuildFile; fileRef = C289246B19B1D9EE000B1D4A /* Reachability.m */; settings = {COMPILER_FLAGS = "-fno-objc-arc"; }; };
		C289247319B1DABE000B1D4A /* ASIDataCompressor.m in Sources */ = {isa = PBXBuildFile; fileRef = C289246E19B1DABE000B1D4A /* ASIDataCompressor.m */; settings = {COMPILER_FLAGS = "-fno-objc-arc"; }; };
		C289247419B1DABE000B1D4A /* ASIDataDecompressor.m in Sources */ = {isa = PBXBuildFile; fileRef = C289247019B1DABE000B1D4A /* ASIDataDecompressor.m */; settings = {COMPILER_FLAGS = "-fno-objc-arc"; }; };
		C289247519B1DABE000B1D4A /* ASIDownloadCache.m in Sources */ = {isa = PBXBuildFile; fileRef = C289247219B1DABE000B1D4A /* ASIDownloadCache.m */; settings = {COMPILER_FLAGS = "-fno-objc-arc"; }; };
		C289247719B1DB72000B1D4A /* CFNetwork.framework in Frameworks */ = {isa = PBXBuildFile; fileRef = C289247619B1DB72000B1D4A /* CFNetwork.framework */; };
		C289247919B1DB81000B1D4A /* SystemConfiguration.framework in Frameworks */ = {isa = PBXBuildFile; fileRef = C289247819B1DB81000B1D4A /* SystemConfiguration.framework */; };
		C289247B19B1DB8B000B1D4A /* MobileCoreServices.framework in Frameworks */ = {isa = PBXBuildFile; fileRef = C289247A19B1DB8B000B1D4A /* MobileCoreServices.framework */; };
		C289247D19B1DBAD000B1D4A /* libz.dylib in Frameworks */ = {isa = PBXBuildFile; fileRef = C289247C19B1DBAD000B1D4A /* libz.dylib */; };
/* End PBXBuildFile section */

/* Begin PBXContainerItemProxy section */
		C223A6CA19A9D72F002BC32F /* PBXContainerItemProxy */ = {
			isa = PBXContainerItemProxy;
			containerPortal = C223A69919A9D72F002BC32F /* Project object */;
			proxyType = 1;
			remoteGlobalIDString = C223A6A019A9D72F002BC32F;
			remoteInfo = CellReuseTutorial;
		};
/* End PBXContainerItemProxy section */

/* Begin PBXFileReference section */
		C223A6A119A9D72F002BC32F /* CellReuseTutorial.app */ = {isa = PBXFileReference; explicitFileType = wrapper.application; includeInIndex = 0; path = CellReuseTutorial.app; sourceTree = BUILT_PRODUCTS_DIR; };
		C223A6A419A9D72F002BC32F /* Foundation.framework */ = {isa = PBXFileReference; lastKnownFileType = wrapper.framework; name = Foundation.framework; path = System/Library/Frameworks/Foundation.framework; sourceTree = SDKROOT; };
		C223A6A619A9D72F002BC32F /* CoreGraphics.framework */ = {isa = PBXFileReference; lastKnownFileType = wrapper.framework; name = CoreGraphics.framework; path = System/Library/Frameworks/CoreGraphics.framework; sourceTree = SDKROOT; };
		C223A6A819A9D72F002BC32F /* UIKit.framework */ = {isa = PBXFileReference; lastKnownFileType = wrapper.framework; name = UIKit.framework; path = System/Library/Frameworks/UIKit.framework; sourceTree = SDKROOT; };
		C223A6AC19A9D72F002BC32F /* CellReuseTutorial-Info.plist */ = {isa = PBXFileReference; lastKnownFileType = text.plist.xml; path = "CellReuseTutorial-Info.plist"; sourceTree = "<group>"; };
		C223A6AE19A9D72F002BC32F /* en */ = {isa = PBXFileReference; lastKnownFileType = text.plist.strings; name = en; path = en.lproj/InfoPlist.strings; sourceTree = "<group>"; };
		C223A6B019A9D72F002BC32F /* main.m */ = {isa = PBXFileReference; lastKnownFileType = sourcecode.c.objc; path = main.m; sourceTree = "<group>"; };
		C223A6B219A9D72F002BC32F /* CellReuseTutorial-Prefix.pch */ = {isa = PBXFileReference; lastKnownFileType = sourcecode.c.h; path = "CellReuseTutorial-Prefix.pch"; sourceTree = "<group>"; };
		C223A6B319A9D72F002BC32F /* BYCellReuseTutorialAppDelegate.h */ = {isa = PBXFileReference; lastKnownFileType = sourcecode.c.h; path = BYCellReuseTutorialAppDelegate.h; sourceTree = "<group>"; };
		C223A6B419A9D72F002BC32F /* BYCellReuseTutorialAppDelegate.m */ = {isa = PBXFileReference; lastKnownFileType = sourcecode.c.objc; path = BYCellReuseTutorialAppDelegate.m; sourceTree = "<group>"; };
		C223A6B719A9D72F002BC32F /* Base */ = {isa = PBXFileReference; lastKnownFileType = file.storyboard; name = Base; path = Base.lproj/Main_iPhone.storyboard; sourceTree = "<group>"; };
		C223A6BC19A9D72F002BC32F /* BYCellReuseTutorialViewController.h */ = {isa = PBXFileReference; lastKnownFileType = sourcecode.c.h; path = BYCellReuseTutorialViewController.h; sourceTree = "<group>"; };
		C223A6BD19A9D72F002BC32F /* BYCellReuseTutorialViewController.m */ = {isa = PBXFileReference; lastKnownFileType = sourcecode.c.objc; path = BYCellReuseTutorialViewController.m; sourceTree = "<group>"; };
		C223A6BF19A9D72F002BC32F /* Images.xcassets */ = {isa = PBXFileReference; lastKnownFileType = folder.assetcatalog; path = Images.xcassets; sourceTree = "<group>"; };
		C223A6C519A9D72F002BC32F /* CellReuseTutorialTests.xctest */ = {isa = PBXFileReference; explicitFileType = wrapper.cfbundle; includeInIndex = 0; path = CellReuseTutorialTests.xctest; sourceTree = BUILT_PRODUCTS_DIR; };
		C223A6C619A9D72F002BC32F /* XCTest.framework */ = {isa = PBXFileReference; lastKnownFileType = wrapper.framework; name = XCTest.framework; path = Library/Frameworks/XCTest.framework; sourceTree = DEVELOPER_DIR; };
		C223A6CE19A9D72F002BC32F /* CellReuseTutorialTests-Info.plist */ = {isa = PBXFileReference; lastKnownFileType = text.plist.xml; path = "CellReuseTutorialTests-Info.plist"; sourceTree = "<group>"; };
		C223A6D019A9D72F002BC32F /* en */ = {isa = PBXFileReference; lastKnownFileType = text.plist.strings; name = en; path = en.lproj/InfoPlist.strings; sourceTree = "<group>"; };
		C223A6D219A9D72F002BC32F /* CellReuseTutorialTests.m */ = {isa = PBXFileReference; lastKnownFileType = sourcecode.c.objc; path = CellReuseTutorialTests.m; sourceTree = "<group>"; };
		C223A6DF19A9D9EE002BC32F /* BYCellReuseTutorialTableViewCell.h */ = {isa = PBXFileReference; fileEncoding = 4; lastKnownFileType = sourcecode.c.h; path = BYCellReuseTutorialTableViewCell.h; sourceTree = "<group>"; };
		C223A6E019A9D9EE002BC32F /* BYCellReuseTutorialTableViewCell.m */ = {isa = PBXFileReference; fileEncoding = 4; lastKnownFileType = sourcecode.c.objc; path = BYCellReuseTutorialTableViewCell.m; sourceTree = "<group>"; };
		C223A6E219A9E7B0002BC32F /* BYCellReuseTutorialTableViewCell.xib */ = {isa = PBXFileReference; fileEncoding = 4; lastKnownFileType = file.xib; path = BYCellReuseTutorialTableViewCell.xib; sourceTree = "<group>"; };
		C289241F19B1D5B5000B1D4A /* ASIAuthenticationDialog.h */ = {isa = PBXFileReference; fileEncoding = 4; lastKnownFileType = sourcecode.c.h; path = ASIAuthenticationDialog.h; sourceTree = "<group>"; };
		C289242019B1D5B5000B1D4A /* ASIAuthenticationDialog.m */ = {isa = PBXFileReference; fileEncoding = 4; lastKnownFileType = sourcecode.c.objc; path = ASIAuthenticationDialog.m; sourceTree = "<group>"; };
		C289242119B1D5B5000B1D4A /* ASICacheDelegate.h */ = {isa = PBXFileReference; fileEncoding = 4; lastKnownFileType = sourcecode.c.h; path = ASICacheDelegate.h; sourceTree = "<group>"; };
		C289242819B1D5B5000B1D4A /* ASIFormDataRequest.h */ = {isa = PBXFileReference; fileEncoding = 4; lastKnownFileType = sourcecode.c.h; path = ASIFormDataRequest.h; sourceTree = "<group>"; };
		C289242919B1D5B5000B1D4A /* ASIFormDataRequest.m */ = {isa = PBXFileReference; fileEncoding = 4; lastKnownFileType = sourcecode.c.objc; path = ASIFormDataRequest.m; sourceTree = "<group>"; };
		C289242A19B1D5B5000B1D4A /* ASIHTTPRequest.h */ = {isa = PBXFileReference; fileEncoding = 4; lastKnownFileType = sourcecode.c.h; path = ASIHTTPRequest.h; sourceTree = "<group>"; };
		C289242B19B1D5B5000B1D4A /* ASIHTTPRequest.m */ = {isa = PBXFileReference; fileEncoding = 4; lastKnownFileType = sourcecode.c.objc; path = ASIHTTPRequest.m; sourceTree = "<group>"; };
		C289242C19B1D5B5000B1D4A /* ASIHTTPRequestConfig.h */ = {isa = PBXFileReference; fileEncoding = 4; lastKnownFileType = sourcecode.c.h; path = ASIHTTPRequestConfig.h; sourceTree = "<group>"; };
		C289242D19B1D5B5000B1D4A /* ASIHTTPRequestDelegate.h */ = {isa = PBXFileReference; fileEncoding = 4; lastKnownFileType = sourcecode.c.h; path = ASIHTTPRequestDelegate.h; sourceTree = "<group>"; };
		C289242E19B1D5B5000B1D4A /* ASIInputStream.h */ = {isa = PBXFileReference; fileEncoding = 4; lastKnownFileType = sourcecode.c.h; path = ASIInputStream.h; sourceTree = "<group>"; };
		C289242F19B1D5B5000B1D4A /* ASIInputStream.m */ = {isa = PBXFileReference; fileEncoding = 4; lastKnownFileType = sourcecode.c.objc; path = ASIInputStream.m; sourceTree = "<group>"; };
		C289243019B1D5B5000B1D4A /* ASINetworkQueue.h */ = {isa = PBXFileReference; fileEncoding = 4; lastKnownFileType = sourcecode.c.h; path = ASINetworkQueue.h; sourceTree = "<group>"; };
		C289243119B1D5B5000B1D4A /* ASINetworkQueue.m */ = {isa = PBXFileReference; fileEncoding = 4; lastKnownFileType = sourcecode.c.objc; path = ASINetworkQueue.m; sourceTree = "<group>"; };
		C289243219B1D5B5000B1D4A /* ASIProgressDelegate.h */ = {isa = PBXFileReference; fileEncoding = 4; lastKnownFileType = sourcecode.c.h; path = ASIProgressDelegate.h; sourceTree = "<group>"; };
		C289246A19B1D9EE000B1D4A /* Reachability.h */ = {isa = PBXFileReference; fileEncoding = 4; lastKnownFileType = sourcecode.c.h; path = Reachability.h; sourceTree = "<group>"; };
		C289246B19B1D9EE000B1D4A /* Reachability.m */ = {isa = PBXFileReference; fileEncoding = 4; lastKnownFileType = sourcecode.c.objc; path = Reachability.m; sourceTree = "<group>"; };
		C289246D19B1DABE000B1D4A /* ASIDataCompressor.h */ = {isa = PBXFileReference; fileEncoding = 4; lastKnownFileType = sourcecode.c.h; path = ASIDataCompressor.h; sourceTree = "<group>"; };
		C289246E19B1DABE000B1D4A /* ASIDataCompressor.m */ = {isa = PBXFileReference; fileEncoding = 4; lastKnownFileType = sourcecode.c.objc; path = ASIDataCompressor.m; sourceTree = "<group>"; };
		C289246F19B1DABE000B1D4A /* ASIDataDecompressor.h */ = {isa = PBXFileReference; fileEncoding = 4; lastKnownFileType = sourcecode.c.h; path = ASIDataDecompressor.h; sourceTree = "<group>"; };
		C289247019B1DABE000B1D4A /* ASIDataDecompressor.m */ = {isa = PBXFileReference; fileEncoding = 4; lastKnownFileType = sourcecode.c.objc; path = ASIDataDecompressor.m; sourceTree = "<group>"; };
		C289247119B1DABE000B1D4A /* ASIDownloadCache.h */ = {isa = PBXFileReference; fileEncoding = 4; lastKnownFileType = sourcecode.c.h; path = ASIDownloadCache.h; sourceTree = "<group>"; };
		C289247219B1DABE000B1D4A /* ASIDownloadCache.m */ = {isa = PBXFileReference; fileEncoding = 4; lastKnownFileType = sourcecode.c.objc; path = ASIDownloadCache.m; sourceTree = "<group>"; };
		C289247619B1DB72000B1D4A /* CFNetwork.framework */ = {isa = PBXFileReference; lastKnownFileType = wrapper.framework; name = CFNetwork.framework; path = System/Library/Frameworks/CFNetwork.framework; sourceTree = SDKROOT; };
		C289247819B1DB81000B1D4A /* SystemConfiguration.framework */ = {isa = PBXFileReference; lastKnownFileType = wrapper.framework; name = SystemConfiguration.framework; path = System/Library/Frameworks/SystemConfiguration.framework; sourceTree = SDKROOT; };
		C289247A19B1DB8B000B1D4A /* MobileCoreServices.framework */ = {isa = PBXFileReference; lastKnownFileType = wrapper.framework; name = MobileCoreServices.framework; path = System/Library/Frameworks/MobileCoreServices.framework; sourceTree = SDKROOT; };
		C289247C19B1DBAD000B1D4A /* libz.dylib */ = {isa = PBXFileReference; lastKnownFileType = "compiled.mach-o.dylib"; name = libz.dylib; path = usr/lib/libz.dylib; sourceTree = SDKROOT; };
/* End PBXFileReference section */

/* Begin PBXFrameworksBuildPhase section */
		C223A69E19A9D72F002BC32F /* Frameworks */ = {
			isa = PBXFrameworksBuildPhase;
			buildActionMask = 2147483647;
			files = (
				C289247D19B1DBAD000B1D4A /* libz.dylib in Frameworks */,
				C223A6A719A9D72F002BC32F /* CoreGraphics.framework in Frameworks */,
				C289247B19B1DB8B000B1D4A /* MobileCoreServices.framework in Frameworks */,
				C289247919B1DB81000B1D4A /* SystemConfiguration.framework in Frameworks */,
				C289247719B1DB72000B1D4A /* CFNetwork.framework in Frameworks */,
				C223A6A919A9D72F002BC32F /* UIKit.framework in Frameworks */,
				C223A6A519A9D72F002BC32F /* Foundation.framework in Frameworks */,
			);
			runOnlyForDeploymentPostprocessing = 0;
		};
		C223A6C219A9D72F002BC32F /* Frameworks */ = {
			isa = PBXFrameworksBuildPhase;
			buildActionMask = 2147483647;
			files = (
				C223A6C719A9D72F002BC32F /* XCTest.framework in Frameworks */,
				C223A6C919A9D72F002BC32F /* UIKit.framework in Frameworks */,
				C223A6C819A9D72F002BC32F /* Foundation.framework in Frameworks */,
			);
			runOnlyForDeploymentPostprocessing = 0;
		};
/* End PBXFrameworksBuildPhase section */

/* Begin PBXGroup section */
		C223A69819A9D72F002BC32F = {
			isa = PBXGroup;
			children = (
				C223A6AA19A9D72F002BC32F /* CellReuseTutorial */,
				C223A6CC19A9D72F002BC32F /* CellReuseTutorialTests */,
				C223A6A319A9D72F002BC32F /* Frameworks */,
				C223A6A219A9D72F002BC32F /* Products */,
			);
			sourceTree = "<group>";
		};
		C223A6A219A9D72F002BC32F /* Products */ = {
			isa = PBXGroup;
			children = (
				C223A6A119A9D72F002BC32F /* CellReuseTutorial.app */,
				C223A6C519A9D72F002BC32F /* CellReuseTutorialTests.xctest */,
			);
			name = Products;
			sourceTree = "<group>";
		};
		C223A6A319A9D72F002BC32F /* Frameworks */ = {
			isa = PBXGroup;
			children = (
				C289247C19B1DBAD000B1D4A /* libz.dylib */,
				C289247A19B1DB8B000B1D4A /* MobileCoreServices.framework */,
				C289247819B1DB81000B1D4A /* SystemConfiguration.framework */,
				C289247619B1DB72000B1D4A /* CFNetwork.framework */,
				C223A6A419A9D72F002BC32F /* Foundation.framework */,
				C223A6A619A9D72F002BC32F /* CoreGraphics.framework */,
				C223A6A819A9D72F002BC32F /* UIKit.framework */,
				C223A6C619A9D72F002BC32F /* XCTest.framework */,
			);
			name = Frameworks;
			sourceTree = "<group>";
		};
		C223A6AA19A9D72F002BC32F /* CellReuseTutorial */ = {
			isa = PBXGroup;
			children = (
				C289246919B1D9EE000B1D4A /* Reachability */,
				C289241E19B1D5B5000B1D4A /* ASIHTTPRequest */,
				C223A6B319A9D72F002BC32F /* BYCellReuseTutorialAppDelegate.h */,
				C223A6B419A9D72F002BC32F /* BYCellReuseTutorialAppDelegate.m */,
				C223A6B619A9D72F002BC32F /* Main_iPhone.storyboard */,
				C223A6BC19A9D72F002BC32F /* BYCellReuseTutorialViewController.h */,
				C223A6BD19A9D72F002BC32F /* BYCellReuseTutorialViewController.m */,
				C223A6DF19A9D9EE002BC32F /* BYCellReuseTutorialTableViewCell.h */,
				C223A6E019A9D9EE002BC32F /* BYCellReuseTutorialTableViewCell.m */,
				C223A6E219A9E7B0002BC32F /* BYCellReuseTutorialTableViewCell.xib */,
				C223A6BF19A9D72F002BC32F /* Images.xcassets */,
				C223A6AB19A9D72F002BC32F /* Supporting Files */,
			);
			path = CellReuseTutorial;
			sourceTree = "<group>";
		};
		C223A6AB19A9D72F002BC32F /* Supporting Files */ = {
			isa = PBXGroup;
			children = (
				C223A6AC19A9D72F002BC32F /* CellReuseTutorial-Info.plist */,
				C223A6AD19A9D72F002BC32F /* InfoPlist.strings */,
				C223A6B019A9D72F002BC32F /* main.m */,
				C223A6B219A9D72F002BC32F /* CellReuseTutorial-Prefix.pch */,
			);
			name = "Supporting Files";
			sourceTree = "<group>";
		};
		C223A6CC19A9D72F002BC32F /* CellReuseTutorialTests */ = {
			isa = PBXGroup;
			children = (
				C223A6D219A9D72F002BC32F /* CellReuseTutorialTests.m */,
				C223A6CD19A9D72F002BC32F /* Supporting Files */,
			);
			path = CellReuseTutorialTests;
			sourceTree = "<group>";
		};
		C223A6CD19A9D72F002BC32F /* Supporting Files */ = {
			isa = PBXGroup;
			children = (
				C223A6CE19A9D72F002BC32F /* CellReuseTutorialTests-Info.plist */,
				C223A6CF19A9D72F002BC32F /* InfoPlist.strings */,
			);
			name = "Supporting Files";
			sourceTree = "<group>";
		};
		C289241E19B1D5B5000B1D4A /* ASIHTTPRequest */ = {
			isa = PBXGroup;
			children = (
				C289246D19B1DABE000B1D4A /* ASIDataCompressor.h */,
				C289246E19B1DABE000B1D4A /* ASIDataCompressor.m */,
				C289246F19B1DABE000B1D4A /* ASIDataDecompressor.h */,
				C289247019B1DABE000B1D4A /* ASIDataDecompressor.m */,
				C289247119B1DABE000B1D4A /* ASIDownloadCache.h */,
				C289247219B1DABE000B1D4A /* ASIDownloadCache.m */,
				C289241F19B1D5B5000B1D4A /* ASIAuthenticationDialog.h */,
				C289242019B1D5B5000B1D4A /* ASIAuthenticationDialog.m */,
				C289242119B1D5B5000B1D4A /* ASICacheDelegate.h */,
				C289242819B1D5B5000B1D4A /* ASIFormDataRequest.h */,
				C289242919B1D5B5000B1D4A /* ASIFormDataRequest.m */,
				C289242A19B1D5B5000B1D4A /* ASIHTTPRequest.h */,
				C289242B19B1D5B5000B1D4A /* ASIHTTPRequest.m */,
				C289242C19B1D5B5000B1D4A /* ASIHTTPRequestConfig.h */,
				C289242D19B1D5B5000B1D4A /* ASIHTTPRequestDelegate.h */,
				C289242E19B1D5B5000B1D4A /* ASIInputStream.h */,
				C289242F19B1D5B5000B1D4A /* ASIInputStream.m */,
				C289243019B1D5B5000B1D4A /* ASINetworkQueue.h */,
				C289243119B1D5B5000B1D4A /* ASINetworkQueue.m */,
				C289243219B1D5B5000B1D4A /* ASIProgressDelegate.h */,
			);
			path = ASIHTTPRequest;
			sourceTree = "<group>";
		};
		C289246919B1D9EE000B1D4A /* Reachability */ = {
			isa = PBXGroup;
			children = (
				C289246A19B1D9EE000B1D4A /* Reachability.h */,
				C289246B19B1D9EE000B1D4A /* Reachability.m */,
			);
			path = Reachability;
			sourceTree = "<group>";
		};
/* End PBXGroup section */

/* Begin PBXNativeTarget section */
		C223A6A019A9D72F002BC32F /* CellReuseTutorial */ = {
			isa = PBXNativeTarget;
			buildConfigurationList = C223A6D619A9D72F002BC32F /* Build configuration list for PBXNativeTarget "CellReuseTutorial" */;
			buildPhases = (
				C223A69D19A9D72F002BC32F /* Sources */,
				C223A69E19A9D72F002BC32F /* Frameworks */,
				C223A69F19A9D72F002BC32F /* Resources */,
			);
			buildRules = (
			);
			dependencies = (
			);
			name = CellReuseTutorial;
			productName = CellReuseTutorial;
			productReference = C223A6A119A9D72F002BC32F /* CellReuseTutorial.app */;
			productType = "com.apple.product-type.application";
		};
		C223A6C419A9D72F002BC32F /* CellReuseTutorialTests */ = {
			isa = PBXNativeTarget;
			buildConfigurationList = C223A6D919A9D72F002BC32F /* Build configuration list for PBXNativeTarget "CellReuseTutorialTests" */;
			buildPhases = (
				C223A6C119A9D72F002BC32F /* Sources */,
				C223A6C219A9D72F002BC32F /* Frameworks */,
				C223A6C319A9D72F002BC32F /* Resources */,
			);
			buildRules = (
			);
			dependencies = (
				C223A6CB19A9D72F002BC32F /* PBXTargetDependency */,
			);
			name = CellReuseTutorialTests;
			productName = CellReuseTutorialTests;
			productReference = C223A6C519A9D72F002BC32F /* CellReuseTutorialTests.xctest */;
			productType = "com.apple.product-type.bundle.unit-test";
		};
/* End PBXNativeTarget section */

/* Begin PBXProject section */
		C223A69919A9D72F002BC32F /* Project object */ = {
			isa = PBXProject;
			attributes = {
				CLASSPREFIX = BYCellReuseTutorial;
				LastUpgradeCheck = 0510;
				ORGANIZATIONNAME = org.yostane.ios.tutorial;
				TargetAttributes = {
					C223A6C419A9D72F002BC32F = {
						TestTargetID = C223A6A019A9D72F002BC32F;
					};
				};
			};
			buildConfigurationList = C223A69C19A9D72F002BC32F /* Build configuration list for PBXProject "CellReuseTutorial" */;
			compatibilityVersion = "Xcode 3.2";
			developmentRegion = English;
			hasScannedForEncodings = 0;
			knownRegions = (
				en,
				Base,
			);
			mainGroup = C223A69819A9D72F002BC32F;
			productRefGroup = C223A6A219A9D72F002BC32F /* Products */;
			projectDirPath = "";
			projectRoot = "";
			targets = (
				C223A6A019A9D72F002BC32F /* CellReuseTutorial */,
				C223A6C419A9D72F002BC32F /* CellReuseTutorialTests */,
			);
		};
/* End PBXProject section */

/* Begin PBXResourcesBuildPhase section */
		C223A69F19A9D72F002BC32F /* Resources */ = {
			isa = PBXResourcesBuildPhase;
			buildActionMask = 2147483647;
			files = (
				C223A6C019A9D72F002BC32F /* Images.xcassets in Resources */,
				C223A6B819A9D72F002BC32F /* Main_iPhone.storyboard in Resources */,
				C223A6AF19A9D72F002BC32F /* InfoPlist.strings in Resources */,
				C223A6E319A9E7B0002BC32F /* BYCellReuseTutorialTableViewCell.xib in Resources */,
			);
			runOnlyForDeploymentPostprocessing = 0;
		};
		C223A6C319A9D72F002BC32F /* Resources */ = {
			isa = PBXResourcesBuildPhase;
			buildActionMask = 2147483647;
			files = (
				C223A6D119A9D72F002BC32F /* InfoPlist.strings in Resources */,
			);
			runOnlyForDeploymentPostprocessing = 0;
		};
/* End PBXResourcesBuildPhase section */

/* Begin PBXSourcesBuildPhase section */
		C223A69D19A9D72F002BC32F /* Sources */ = {
			isa = PBXSourcesBuildPhase;
			buildActionMask = 2147483647;
			files = (
				C289246C19B1D9EE000B1D4A /* Reachability.m in Sources */,
				C223A6BE19A9D72F002BC32F /* BYCellReuseTutorialViewController.m in Sources */,
				C223A6B519A9D72F002BC32F /* BYCellReuseTutorialAppDelegate.m in Sources */,
				C289245319B1D5B5000B1D4A /* ASIAuthenticationDialog.m in Sources */,
				C289245719B1D5B5000B1D4A /* ASIFormDataRequest.m in Sources */,
				C289247419B1DABE000B1D4A /* ASIDataDecompressor.m in Sources */,
				C223A6E119A9D9EE002BC32F /* BYCellReuseTutorialTableViewCell.m in Sources */,
				C289245919B1D5B5000B1D4A /* ASIInputStream.m in Sources */,
				C289245A19B1D5B5000B1D4A /* ASINetworkQueue.m in Sources */,
				C289247319B1DABE000B1D4A /* ASIDataCompressor.m in Sources */,
				C289245819B1D5B5000B1D4A /* ASIHTTPRequest.m in Sources */,
				C289247519B1DABE000B1D4A /* ASIDownloadCache.m in Sources */,
				C223A6B119A9D72F002BC32F /* main.m in Sources */,
			);
			runOnlyForDeploymentPostprocessing = 0;
		};
		C223A6C119A9D72F002BC32F /* Sources */ = {
			isa = PBXSourcesBuildPhase;
			buildActionMask = 2147483647;
			files = (
				C223A6D319A9D72F002BC32F /* CellReuseTutorialTests.m in Sources */,
			);
			runOnlyForDeploymentPostprocessing = 0;
		};
/* End PBXSourcesBuildPhase section */

/* Begin PBXTargetDependency section */
		C223A6CB19A9D72F002BC32F /* PBXTargetDependency */ = {
			isa = PBXTargetDependency;
			target = C223A6A019A9D72F002BC32F /* CellReuseTutorial */;
			targetProxy = C223A6CA19A9D72F002BC32F /* PBXContainerItemProxy */;
		};
/* End PBXTargetDependency section */

/* Begin PBXVariantGroup section */
		C223A6AD19A9D72F002BC32F /* InfoPlist.strings */ = {
			isa = PBXVariantGroup;
			children = (
				C223A6AE19A9D72F002BC32F /* en */,
			);
			name = InfoPlist.strings;
			sourceTree = "<group>";
		};
		C223A6B619A9D72F002BC32F /* Main_iPhone.storyboard */ = {
			isa = PBXVariantGroup;
			children = (
				C223A6B719A9D72F002BC32F /* Base */,
			);
			name = Main_iPhone.storyboard;
			sourceTree = "<group>";
		};
		C223A6CF19A9D72F002BC32F /* InfoPlist.strings */ = {
			isa = PBXVariantGroup;
			children = (
				C223A6D019A9D72F002BC32F /* en */,
			);
			name = InfoPlist.strings;
			sourceTree = "<group>";
		};
/* End PBXVariantGroup section */

/* Begin XCBuildConfiguration section */
		C223A6D419A9D72F002BC32F /* Debug */ = {
			isa = XCBuildConfiguration;
			buildSettings = {
				ALWAYS_SEARCH_USER_PATHS = NO;
				CLANG_CXX_LANGUAGE_STANDARD = "gnu++0x";
				CLANG_CXX_LIBRARY = "libc++";
				CLANG_ENABLE_MODULES = YES;
				CLANG_ENABLE_OBJC_ARC = YES;
				CLANG_WARN_BOOL_CONVERSION = YES;
				CLANG_WARN_CONSTANT_CONVERSION = YES;
				CLANG_WARN_DIRECT_OBJC_ISA_USAGE = YES_ERROR;
				CLANG_WARN_EMPTY_BODY = YES;
				CLANG_WARN_ENUM_CONVERSION = YES;
				CLANG_WARN_INT_CONVERSION = YES;
				CLANG_WARN_OBJC_ROOT_CLASS = YES_ERROR;
				CLANG_WARN__DUPLICATE_METHOD_MATCH = YES;
				"CODE_SIGN_IDENTITY[sdk=iphoneos*]" = "iPhone Developer";
				COPY_PHASE_STRIP = NO;
				GCC_C_LANGUAGE_STANDARD = gnu99;
				GCC_DYNAMIC_NO_PIC = NO;
				GCC_OPTIMIZATION_LEVEL = 0;
				GCC_PREPROCESSOR_DEFINITIONS = (
					"DEBUG=1",
					"$(inherited)",
				);
				GCC_SYMBOLS_PRIVATE_EXTERN = NO;
				GCC_WARN_64_TO_32_BIT_CONVERSION = YES;
				GCC_WARN_ABOUT_RETURN_TYPE = YES_ERROR;
				GCC_WARN_UNDECLARED_SELECTOR = YES;
				GCC_WARN_UNINITIALIZED_AUTOS = YES_AGGRESSIVE;
				GCC_WARN_UNUSED_FUNCTION = YES;
				GCC_WARN_UNUSED_VARIABLE = YES;
				IPHONEOS_DEPLOYMENT_TARGET = 7.1;
				ONLY_ACTIVE_ARCH = YES;
				SDKROOT = iphoneos;
				TARGETED_DEVICE_FAMILY = "1,2";
			};
			name = Debug;
		};
		C223A6D519A9D72F002BC32F /* Release */ = {
			isa = XCBuildConfiguration;
			buildSettings = {
				ALWAYS_SEARCH_USER_PATHS = NO;
				CLANG_CXX_LANGUAGE_STANDARD = "gnu++0x";
				CLANG_CXX_LIBRARY = "libc++";
				CLANG_ENABLE_MODULES = YES;
				CLANG_ENABLE_OBJC_ARC = YES;
				CLANG_WARN_BOOL_CONVERSION = YES;
				CLANG_WARN_CONSTANT_CONVERSION = YES;
				CLANG_WARN_DIRECT_OBJC_ISA_USAGE = YES_ERROR;
				CLANG_WARN_EMPTY_BODY = YES;
				CLANG_WARN_ENUM_CONVERSION = YES;
				CLANG_WARN_INT_CONVERSION = YES;
				CLANG_WARN_OBJC_ROOT_CLASS = YES_ERROR;
				CLANG_WARN__DUPLICATE_METHOD_MATCH = YES;
				"CODE_SIGN_IDENTITY[sdk=iphoneos*]" = "iPhone Developer";
				COPY_PHASE_STRIP = YES;
				ENABLE_NS_ASSERTIONS = NO;
				GCC_C_LANGUAGE_STANDARD = gnu99;
				GCC_WARN_64_TO_32_BIT_CONVERSION = YES;
				GCC_WARN_ABOUT_RETURN_TYPE = YES_ERROR;
				GCC_WARN_UNDECLARED_SELECTOR = YES;
				GCC_WARN_UNINITIALIZED_AUTOS = YES_AGGRESSIVE;
				GCC_WARN_UNUSED_FUNCTION = YES;
				GCC_WARN_UNUSED_VARIABLE = YES;
				IPHONEOS_DEPLOYMENT_TARGET = 7.1;
				SDKROOT = iphoneos;
				TARGETED_DEVICE_FAMILY = "1,2";
				VALIDATE_PRODUCT = YES;
			};
			name = Release;
		};
		C223A6D719A9D72F002BC32F /* Debug */ = {
			isa = XCBuildConfiguration;
			buildSettings = {
				ASSETCATALOG_COMPILER_APPICON_NAME = AppIcon;
				ASSETCATALOG_COMPILER_LAUNCHIMAGE_NAME = LaunchImage;
				GCC_PRECOMPILE_PREFIX_HEADER = YES;
				GCC_PREFIX_HEADER = "CellReuseTutorial/CellReuseTutorial-Prefix.pch";
				INFOPLIST_FILE = "CellReuseTutorial/CellReuseTutorial-Info.plist";
				PRODUCT_NAME = "$(TARGET_NAME)";
				TARGETED_DEVICE_FAMILY = 1;
				WRAPPER_EXTENSION = app;
			};
			name = Debug;
		};
		C223A6D819A9D72F002BC32F /* Release */ = {
			isa = XCBuildConfiguration;
			buildSettings = {
				ASSETCATALOG_COMPILER_APPICON_NAME = AppIcon;
				ASSETCATALOG_COMPILER_LAUNCHIMAGE_NAME = LaunchImage;
				GCC_PRECOMPILE_PREFIX_HEADER = YES;
				GCC_PREFIX_HEADER = "CellReuseTutorial/CellReuseTutorial-Prefix.pch";
				INFOPLIST_FILE = "CellReuseTutorial/CellReuseTutorial-Info.plist";
				PRODUCT_NAME = "$(TARGET_NAME)";
				TARGETED_DEVICE_FAMILY = 1;
				WRAPPER_EXTENSION = app;
			};
			name = Release;
		};
		C223A6DA19A9D72F002BC32F /* Debug */ = {
			isa = XCBuildConfiguration;
			buildSettings = {
				BUNDLE_LOADER = "$(BUILT_PRODUCTS_DIR)/CellReuseTutorial.app/CellReuseTutorial";
				FRAMEWORK_SEARCH_PATHS = (
					"$(SDKROOT)/Developer/Library/Frameworks",
					"$(inherited)",
					"$(DEVELOPER_FRAMEWORKS_DIR)",
				);
				GCC_PRECOMPILE_PREFIX_HEADER = YES;
				GCC_PREFIX_HEADER = "CellReuseTutorial/CellReuseTutorial-Prefix.pch";
				GCC_PREPROCESSOR_DEFINITIONS = (
					"DEBUG=1",
					"$(inherited)",
				);
				INFOPLIST_FILE = "CellReuseTutorialTests/CellReuseTutorialTests-Info.plist";
				PRODUCT_NAME = "$(TARGET_NAME)";
				TEST_HOST = "$(BUNDLE_LOADER)";
				WRAPPER_EXTENSION = xctest;
			};
			name = Debug;
		};
		C223A6DB19A9D72F002BC32F /* Release */ = {
			isa = XCBuildConfiguration;
			buildSettings = {
				BUNDLE_LOADER = "$(BUILT_PRODUCTS_DIR)/CellReuseTutorial.app/CellReuseTutorial";
				FRAMEWORK_SEARCH_PATHS = (
					"$(SDKROOT)/Developer/Library/Frameworks",
					"$(inherited)",
					"$(DEVELOPER_FRAMEWORKS_DIR)",
				);
				GCC_PRECOMPILE_PREFIX_HEADER = YES;
				GCC_PREFIX_HEADER = "CellReuseTutorial/CellReuseTutorial-Prefix.pch";
				INFOPLIST_FILE = "CellReuseTutorialTests/CellReuseTutorialTests-Info.plist";
				PRODUCT_NAME = "$(TARGET_NAME)";
				TEST_HOST = "$(BUNDLE_LOADER)";
				WRAPPER_EXTENSION = xctest;
			};
			name = Release;
		};
/* End XCBuildConfiguration section */

/* Begin XCConfigurationList section */
		C223A69C19A9D72F002BC32F /* Build configuration list for PBXProject "CellReuseTutorial" */ = {
			isa = XCConfigurationList;
			buildConfigurations = (
				C223A6D419A9D72F002BC32F /* Debug */,
				C223A6D519A9D72F002BC32F /* Release */,
			);
			defaultConfigurationIsVisible = 0;
			defaultConfigurationName = Release;
		};
		C223A6D619A9D72F002BC32F /* Build configuration list for PBXNativeTarget "CellReuseTutorial" */ = {
			isa = XCConfigurationList;
			buildConfigurations = (
				C223A6D719A9D72F002BC32F /* Debug */,
				C223A6D819A9D72F002BC32F /* Release */,
			);
			defaultConfigurationIsVisible = 0;
			defaultConfigurationName = Release;
		};
		C223A6D919A9D72F002BC32F /* Build configuration list for PBXNativeTarget "CellReuseTutorialTests" */ = {
			isa = XCConfigurationList;
			buildConfigurations = (
				C223A6DA19A9D72F002BC32F /* Debug */,
				C223A6DB19A9D72F002BC32F /* Release */,
			);
			defaultConfigurationIsVisible = 0;
			defaultConfigurationName = Release;
		};
/* End XCConfigurationList section */
	};
	rootObject = C223A69919A9D72F002BC32F /* Project object */;
}
